
Microsoft Visual Studio Solution File, Format Version 12.00
# Visual Studio Version 17
VisualStudioVersion = 17.5.002.0
MinimumVisualStudioVersion = 10.0.40219.1
Project("{9A19103F-16F7-4668-BE54-9A1E7A4F7556}") = "SharedModels", "SharedModels\SharedModels.csproj", "{E60D9679-DF6E-4BD6-9E95-15B101F571C5}"
EndProject
Project("{9A19103F-16F7-4668-BE54-9A1E7A4F7556}") = "RememberThis", "RememberThis\RememberThis.csproj", "{A07CD382-999D-47A5-A1BE-1AC7DF1CA5D0}"
EndProject
Project("{9A19103F-16F7-4668-BE54-9A1E7A4F7556}") = "rtFrontEnd", "rtFrontEnd\rtFrontEnd.csproj", "{A906D972-DE37-4217-9DEE-D4BC15FEEF51}"
EndProject
Project("{9A19103F-16F7-4668-BE54-9A1E7A4F7556}") = "BlazorWebApp", "BlazorWebApp\BlazorWebApp.csproj", "{0AC29004-9582-47E3-A5D8-FFCB4C70796B}"
EndProject
Global
	GlobalSection(SolutionConfigurationPlatforms) = preSolution
		Debug|Any CPU = Debug|Any CPU
		Release|Any CPU = Release|Any CPU
	EndGlobalSection
	GlobalSection(ProjectConfigurationPlatforms) = postSolution
		{E60D9679-DF6E-4BD6-9E95-15B101F571C5}.Debug|Any CPU.ActiveCfg = Debug|Any CPU
		{E60D9679-DF6E-4BD6-9E95-15B101F571C5}.Debug|Any CPU.Build.0 = Debug|Any CPU
		{E60D9679-DF6E-4BD6-9E95-15B101F571C5}.Release|Any CPU.ActiveCfg = Release|Any CPU
		{E60D9679-DF6E-4BD6-9E95-15B101F571C5}.Release|Any CPU.Build.0 = Release|Any CPU
		{A07CD382-999D-47A5-A1BE-1AC7DF1CA5D0}.Debug|Any CPU.ActiveCfg = Debug|Any CPU
		{A07CD382-999D-47A5-A1BE-1AC7DF1CA5D0}.Debug|Any CPU.Build.0 = Debug|Any CPU
		{A07CD382-999D-47A5-A1BE-1AC7DF1CA5D0}.Release|Any CPU.ActiveCfg = Release|Any CPU
		{A07CD382-999D-47A5-A1BE-1AC7DF1CA5D0}.Release|Any CPU.Build.0 = Release|Any CPU
		{A906D972-DE37-4217-9DEE-D4BC15FEEF51}.Debug|Any CPU.ActiveCfg = Debug|Any CPU
		{A906D972-DE37-4217-9DEE-D4BC15FEEF51}.Debug|Any CPU.Build.0 = Debug|Any CPU
		{A906D972-DE37-4217-9DEE-D4BC15FEEF51}.Release|Any CPU.ActiveCfg = Release|Any CPU
		{A906D972-DE37-4217-9DEE-D4BC15FEEF51}.Release|Any CPU.Build.0 = Release|Any CPU
		{0AC29004-9582-47E3-A5D8-FFCB4C70796B}.Debug|Any CPU.ActiveCfg = Debug|Any CPU
		{0AC29004-9582-47E3-A5D8-FFCB4C70796B}.Debug|Any CPU.Build.0 = Debug|Any CPU
		{0AC29004-9582-47E3-A5D8-FFCB4C70796B}.Release|Any CPU.ActiveCfg = Release|Any CPU
		{0AC29004-9582-47E3-A5D8-FFCB4C70796B}.Release|Any CPU.Build.0 = Release|Any CPU
	EndGlobalSection
	GlobalSection(SolutionProperties) = preSolution
		HideSolutionNode = FALSE
	EndGlobalSection
	GlobalSection(ExtensibilityGlobals) = postSolution
		SolutionGuid = {39D38E77-71BB-4BDA-888A-9FF8F2CD6D43}
	EndGlobalSection
EndGlobal
